
Microsoft Visual Studio Solution File, Format Version 12.00
# Visual Studio Version 17
VisualStudioVersion = 17.14.36623.8 d17.14
MinimumVisualStudioVersion = 10.0.40219.1
Project("{FAE04EC0-301F-11D3-BF4B-00C04F79EFBC}") = "meraproject", "meraproject.csproj", "{A724B57D-FDB1-47FA-BA81-27416EA4666A}"
EndProject
Global
	GlobalSection(SolutionConfigurationPlatforms) = preSolution
		Debug|Any CPU = Debug|Any CPU
		Release|Any CPU = Release|Any CPU
	EndGlobalSection
	GlobalSection(ProjectConfigurationPlatforms) = postSolution
		{A724B57D-FDB1-47FA-BA81-27416EA4666A}.Debug|Any CPU.ActiveCfg = Debug|Any CPU
		{A724B57D-FDB1-47FA-BA81-27416EA4666A}.Debug|Any CPU.Build.0 = Debug|Any CPU
		{A724B57D-FDB1-47FA-BA81-27416EA4666A}.Release|Any CPU.ActiveCfg = Release|Any CPU
		{A724B57D-FDB1-47FA-BA81-27416EA4666A}.Release|Any CPU.Build.0 = Release|Any CPU
	EndGlobalSection
	GlobalSection(SolutionProperties) = preSolution
		HideSolutionNode = FALSE
	EndGlobalSection
	GlobalSection(ExtensibilityGlobals) = postSolution
		SolutionGuid = {6F55CDDA-CDA9-49E8-84FC-03FF156DB43D}
	EndGlobalSection
EndGlobal
